
Microsoft Visual Studio Solution File, Format Version 12.00
# Visual Studio Version 17
VisualStudioVersion = 17.7.34009.444
MinimumVisualStudioVersion = 10.0.40219.1
Project("{FAE04EC0-301F-11D3-BF4B-00C04F79EFBC}") = "FirstAspCoreWebApp", "FirstAspCoreWebApp\FirstAspCoreWebApp.csproj", "{8BFBAAEF-F26C-4A37-867C-288D26485688}"
EndProject
Global
	GlobalSection(SolutionConfigurationPlatforms) = preSolution
		Debug|Any CPU = Debug|Any CPU
		Release|Any CPU = Release|Any CPU
	EndGlobalSection
	GlobalSection(ProjectConfigurationPlatforms) = postSolution
		{8BFBAAEF-F26C-4A37-867C-288D26485688}.Debug|Any CPU.ActiveCfg = Debug|Any CPU
		{8BFBAAEF-F26C-4A37-867C-288D26485688}.Debug|Any CPU.Build.0 = Debug|Any CPU
		{8BFBAAEF-F26C-4A37-867C-288D26485688}.Release|Any CPU.ActiveCfg = Release|Any CPU
		{8BFBAAEF-F26C-4A37-867C-288D26485688}.Release|Any CPU.Build.0 = Release|Any CPU
	EndGlobalSection
	GlobalSection(SolutionProperties) = preSolution
		HideSolutionNode = FALSE
	EndGlobalSection
	GlobalSection(ExtensibilityGlobals) = postSolution
		SolutionGuid = {22E0D89F-4517-4234-AF94-33A3C0AC1919}
	EndGlobalSection
EndGlobal
