
Microsoft Visual Studio Solution File, Format Version 12.00
# Visual Studio Version 17
VisualStudioVersion = 17.7.34009.444
MinimumVisualStudioVersion = 10.0.40219.1
Project("{FAE04EC0-301F-11D3-BF4B-00C04F79EFBC}") = "NWind", "NWind\NWind.csproj", "{42D764F3-9C89-4E87-AC7A-01ACCFAEB0FD}"
EndProject
Global
	GlobalSection(SolutionConfigurationPlatforms) = preSolution
		Debug|Any CPU = Debug|Any CPU
		Release|Any CPU = Release|Any CPU
	EndGlobalSection
	GlobalSection(ProjectConfigurationPlatforms) = postSolution
		{42D764F3-9C89-4E87-AC7A-01ACCFAEB0FD}.Debug|Any CPU.ActiveCfg = Debug|Any CPU
		{42D764F3-9C89-4E87-AC7A-01ACCFAEB0FD}.Debug|Any CPU.Build.0 = Debug|Any CPU
		{42D764F3-9C89-4E87-AC7A-01ACCFAEB0FD}.Release|Any CPU.ActiveCfg = Release|Any CPU
		{42D764F3-9C89-4E87-AC7A-01ACCFAEB0FD}.Release|Any CPU.Build.0 = Release|Any CPU
	EndGlobalSection
	GlobalSection(SolutionProperties) = preSolution
		HideSolutionNode = FALSE
	EndGlobalSection
	GlobalSection(ExtensibilityGlobals) = postSolution
		SolutionGuid = {E4D12C51-3684-49C7-B162-E34D8B264A8C}
	EndGlobalSection
EndGlobal
